{
  "name": "ece-demo",
  "version": "1.0.0",
  "lockfileVersion": 1,
  "requires": true,
  "dependencies": {
    "base64url": {
      "version": "3.0.1",
      "resolved": "https://registry.npmjs.org/base64url/-/base64url-3.0.1.tgz",
      "integrity": "sha512-ir1UPr3dkwexU7FdV8qBBbNDRUhMmIekYMFZfi+C/sLNnRESKPl23nB9b2pltqfOQNnGzsDdId90AEtG5tCx4A=="
    },
    "http_ece": {
      "version": "1.0.5",
      "resolved": "https://registry.npmjs.org/http_ece/-/http_ece-1.0.5.tgz",
      "integrity": "sha1-tgZg+q8UIVEC0Uk+pyDc2StTNy8=",
      "requires": {
        "urlsafe-base64": "~1.0.0"
      }
    },
    "urlsafe-base64": {
      "version": "1.0.0",
      "resolved": "https://registry.npmjs.org/urlsafe-base64/-/urlsafe-base64-1.0.0.tgz",
      "integrity": "sha1-I/iQaabGL0bPOh07ABac77kL4MY="
    }
  }
}
